
Microsoft Visual Studio Solution File, Format Version 12.00
# Visual Studio Version 16
VisualStudioVersion = 16.0.29920.165
MinimumVisualStudioVersion = 10.0.40219.1
Project("{FAE04EC0-301F-11D3-BF4B-00C04F79EFBC}") = "Blackjack", "Blackjack\Blackjack.csproj", "{6FFF91A3-37D6-4CD7-AE10-D6C8DA46B226}"
EndProject
Global
	GlobalSection(SolutionConfigurationPlatforms) = preSolution
		Debug|Any CPU = Debug|Any CPU
		Release|Any CPU = Release|Any CPU
	EndGlobalSection
	GlobalSection(ProjectConfigurationPlatforms) = postSolution
		{6FFF91A3-37D6-4CD7-AE10-D6C8DA46B226}.Debug|Any CPU.ActiveCfg = Debug|Any CPU
		{6FFF91A3-37D6-4CD7-AE10-D6C8DA46B226}.Debug|Any CPU.Build.0 = Debug|Any CPU
		{6FFF91A3-37D6-4CD7-AE10-D6C8DA46B226}.Release|Any CPU.ActiveCfg = Release|Any CPU
		{6FFF91A3-37D6-4CD7-AE10-D6C8DA46B226}.Release|Any CPU.Build.0 = Release|Any CPU
	EndGlobalSection
	GlobalSection(SolutionProperties) = preSolution
		HideSolutionNode = FALSE
	EndGlobalSection
	GlobalSection(ExtensibilityGlobals) = postSolution
		SolutionGuid = {DD202172-8756-4AA4-A8CA-34EBC9523A8F}
	EndGlobalSection
EndGlobal
